// !$*UTF8*$!
{
	archiveVersion = 1;
	classes = {
	};
	objectVersion = 56;
	objects = {

/* Begin PBXBuildFile section */
		2F5A877A28D0E49C0072A6D0 /* AppDelegate.swift in Sources */ = {isa = PBXBuildFile; fileRef = 2F5A877928D0E49C0072A6D0 /* AppDelegate.swift */; };
		2F5A877C28D0E49C0072A6D0 /* SceneDelegate.swift in Sources */ = {isa = PBXBuildFile; fileRef = 2F5A877B28D0E49C0072A6D0 /* SceneDelegate.swift */; };
		2F5A877E28D0E49C0072A6D0 /* PokemonViewController.swift in Sources */ = {isa = PBXBuildFile; fileRef = 2F5A877D28D0E49C0072A6D0 /* PokemonViewController.swift */; };
		2F5A878128D0E49C0072A6D0 /* Main.storyboard in Resources */ = {isa = PBXBuildFile; fileRef = 2F5A877F28D0E49C0072A6D0 /* Main.storyboard */; };
		2F5A878428D0E49C0072A6D0 /* Pokedex.xcdatamodeld in Sources */ = {isa = PBXBuildFile; fileRef = 2F5A878228D0E49C0072A6D0 /* Pokedex.xcdatamodeld */; };
		2F5A878628D0E49D0072A6D0 /* Assets.xcassets in Resources */ = {isa = PBXBuildFile; fileRef = 2F5A878528D0E49D0072A6D0 /* Assets.xcassets */; };
		2F5A878928D0E49D0072A6D0 /* LaunchScreen.storyboard in Resources */ = {isa = PBXBuildFile; fileRef = 2F5A878728D0E49D0072A6D0 /* LaunchScreen.storyboard */; };
		2F5A879928D0EF170072A6D0 /* Pokemon.swift in Sources */ = {isa = PBXBuildFile; fileRef = 2F5A879828D0EF170072A6D0 /* Pokemon.swift */; };
		2F5A879B28D0F0000072A6D0 /* ApiManager.swift in Sources */ = {isa = PBXBuildFile; fileRef = 2F5A879A28D0F0000072A6D0 /* ApiManager.swift */; };
		2F5A879D28D0F08C0072A6D0 /* PokemonViewCell.swift in Sources */ = {isa = PBXBuildFile; fileRef = 2F5A879C28D0F08C0072A6D0 /* PokemonViewCell.swift */; };
		2F5A879F28D1CE800072A6D0 /* Constants.swift in Sources */ = {isa = PBXBuildFile; fileRef = 2F5A879E28D1CE800072A6D0 /* Constants.swift */; };
/* End PBXBuildFile section */

/* Begin PBXFileReference section */
		2F5A877628D0E49C0072A6D0 /* Pokedex.app */ = {isa = PBXFileReference; explicitFileType = wrapper.application; includeInIndex = 0; path = Pokedex.app; sourceTree = BUILT_PRODUCTS_DIR; };
		2F5A877928D0E49C0072A6D0 /* AppDelegate.swift */ = {isa = PBXFileReference; lastKnownFileType = sourcecode.swift; path = AppDelegate.swift; sourceTree = "<group>"; };
		2F5A877B28D0E49C0072A6D0 /* SceneDelegate.swift */ = {isa = PBXFileReference; lastKnownFileType = sourcecode.swift; path = SceneDelegate.swift; sourceTree = "<group>"; };
		2F5A877D28D0E49C0072A6D0 /* PokemonViewController.swift */ = {isa = PBXFileReference; lastKnownFileType = sourcecode.swift; path = PokemonViewController.swift; sourceTree = "<group>"; };
		2F5A878028D0E49C0072A6D0 /* Base */ = {isa = PBXFileReference; lastKnownFileType = file.storyboard; name = Base; path = Base.lproj/Main.storyboard; sourceTree = "<group>"; };
		2F5A878328D0E49C0072A6D0 /* Pokedex.xcdatamodel */ = {isa = PBXFileReference; lastKnownFileType = wrapper.xcdatamodel; path = Pokedex.xcdatamodel; sourceTree = "<group>"; };
		2F5A878528D0E49D0072A6D0 /* Assets.xcassets */ = {isa = PBXFileReference; lastKnownFileType = folder.assetcatalog; path = Assets.xcassets; sourceTree = "<group>"; };
		2F5A878828D0E49D0072A6D0 /* Base */ = {isa = PBXFileReference; lastKnownFileType = file.storyboard; name = Base; path = Base.lproj/LaunchScreen.storyboard; sourceTree = "<group>"; };
		2F5A878A28D0E49D0072A6D0 /* Info.plist */ = {isa = PBXFileReference; lastKnownFileType = text.plist.xml; path = Info.plist; sourceTree = "<group>"; };
		2F5A879828D0EF170072A6D0 /* Pokemon.swift */ = {isa = PBXFileReference; lastKnownFileType = sourcecode.swift; path = Pokemon.swift; sourceTree = "<group>"; };
		2F5A879A28D0F0000072A6D0 /* ApiManager.swift */ = {isa = PBXFileReference; lastKnownFileType = sourcecode.swift; path = ApiManager.swift; sourceTree = "<group>"; };
		2F5A879C28D0F08C0072A6D0 /* PokemonViewCell.swift */ = {isa = PBXFileReference; lastKnownFileType = sourcecode.swift; path = PokemonViewCell.swift; sourceTree = "<group>"; };
		2F5A879E28D1CE800072A6D0 /* Constants.swift */ = {isa = PBXFileReference; lastKnownFileType = sourcecode.swift; path = Constants.swift; sourceTree = "<group>"; };
/* End PBXFileReference section */

/* Begin PBXFrameworksBuildPhase section */
		2F5A877328D0E49C0072A6D0 /* Frameworks */ = {
			isa = PBXFrameworksBuildPhase;
			buildActionMask = 2147483647;
			files = (
			);
			runOnlyForDeploymentPostprocessing = 0;
		};
/* End PBXFrameworksBuildPhase section */

/* Begin PBXGroup section */
		2F5A876D28D0E49C0072A6D0 = {
			isa = PBXGroup;
			children = (
				2F5A877828D0E49C0072A6D0 /* Pokedex */,
				2F5A877728D0E49C0072A6D0 /* Products */,
			);
			sourceTree = "<group>";
		};
		2F5A877728D0E49C0072A6D0 /* Products */ = {
			isa = PBXGroup;
			children = (
				2F5A877628D0E49C0072A6D0 /* Pokedex.app */,
			);
			name = Products;
			sourceTree = "<group>";
		};
		2F5A877828D0E49C0072A6D0 /* Pokedex */ = {
			isa = PBXGroup;
			children = (
				2F5A879228D0E94B0072A6D0 /* Delegate */,
				2F5A879328D0E9580072A6D0 /* Extention */,
				2F5A879028D0E9390072A6D0 /* Model */,
				2F5A879628D0E97A0072A6D0 /* Constants */,
				2F5A879528D0E9700072A6D0 /* API */,
				2F5A879428D0E9670072A6D0 /* CoreData */,
				2F5A879128D0E9400072A6D0 /* ViewModel */,
				2F5A879728D0EED30072A6D0 /* View */,
				2F5A878528D0E49D0072A6D0 /* Assets.xcassets */,
				2F5A878A28D0E49D0072A6D0 /* Info.plist */,
				2F5A878228D0E49C0072A6D0 /* Pokedex.xcdatamodeld */,
			);
			path = Pokedex;
			sourceTree = "<group>";
		};
		2F5A879028D0E9390072A6D0 /* Model */ = {
			isa = PBXGroup;
			children = (
				2F5A879828D0EF170072A6D0 /* Pokemon.swift */,
			);
			path = Model;
			sourceTree = "<group>";
		};
		2F5A879128D0E9400072A6D0 /* ViewModel */ = {
			isa = PBXGroup;
			children = (
				2F5A877D28D0E49C0072A6D0 /* PokemonViewController.swift */,
				2F5A879C28D0F08C0072A6D0 /* PokemonViewCell.swift */,
			);
			path = ViewModel;
			sourceTree = "<group>";
		};
		2F5A879228D0E94B0072A6D0 /* Delegate */ = {
			isa = PBXGroup;
			children = (
				2F5A877928D0E49C0072A6D0 /* AppDelegate.swift */,
				2F5A877B28D0E49C0072A6D0 /* SceneDelegate.swift */,
			);
			path = Delegate;
			sourceTree = "<group>";
		};
		2F5A879328D0E9580072A6D0 /* Extention */ = {
			isa = PBXGroup;
			children = (
			);
			path = Extention;
			sourceTree = "<group>";
		};
		2F5A879428D0E9670072A6D0 /* CoreData */ = {
			isa = PBXGroup;
			children = (
			);
			path = CoreData;
			sourceTree = "<group>";
		};
		2F5A879528D0E9700072A6D0 /* API */ = {
			isa = PBXGroup;
			children = (
				2F5A879A28D0F0000072A6D0 /* ApiManager.swift */,
			);
			path = API;
			sourceTree = "<group>";
		};
		2F5A879628D0E97A0072A6D0 /* Constants */ = {
			isa = PBXGroup;
			children = (
				2F5A879E28D1CE800072A6D0 /* Constants.swift */,
			);
			path = Constants;
			sourceTree = "<group>";
		};
		2F5A879728D0EED30072A6D0 /* View */ = {
			isa = PBXGroup;
			children = (
				2F5A877F28D0E49C0072A6D0 /* Main.storyboard */,
				2F5A878728D0E49D0072A6D0 /* LaunchScreen.storyboard */,
			);
			path = View;
			sourceTree = "<group>";
		};
/* End PBXGroup section */

/* Begin PBXNativeTarget section */
		2F5A877528D0E49C0072A6D0 /* Pokedex */ = {
			isa = PBXNativeTarget;
			buildConfigurationList = 2F5A878D28D0E49D0072A6D0 /* Build configuration list for PBXNativeTarget "Pokedex" */;
			buildPhases = (
				2F5A877228D0E49C0072A6D0 /* Sources */,
				2F5A877328D0E49C0072A6D0 /* Frameworks */,
				2F5A877428D0E49C0072A6D0 /* Resources */,
			);
			buildRules = (
			);
			dependencies = (
			);
			name = Pokedex;
			productName = Pokedex;
			productReference = 2F5A877628D0E49C0072A6D0 /* Pokedex.app */;
			productType = "com.apple.product-type.application";
		};
/* End PBXNativeTarget section */

/* Begin PBXProject section */
		2F5A876E28D0E49C0072A6D0 /* Project object */ = {
			isa = PBXProject;
			attributes = {
				BuildIndependentTargetsInParallel = 1;
				LastSwiftUpdateCheck = 1400;
				LastUpgradeCheck = 1400;
				TargetAttributes = {
					2F5A877528D0E49C0072A6D0 = {
						CreatedOnToolsVersion = 14.0;
					};
				};
			};
			buildConfigurationList = 2F5A877128D0E49C0072A6D0 /* Build configuration list for PBXProject "Pokedex" */;
			compatibilityVersion = "Xcode 14.0";
			developmentRegion = en;
			hasScannedForEncodings = 0;
			knownRegions = (
				en,
				Base,
			);
			mainGroup = 2F5A876D28D0E49C0072A6D0;
			productRefGroup = 2F5A877728D0E49C0072A6D0 /* Products */;
			projectDirPath = "";
			projectRoot = "";
			targets = (
				2F5A877528D0E49C0072A6D0 /* Pokedex */,
			);
		};
/* End PBXProject section */

/* Begin PBXResourcesBuildPhase section */
		2F5A877428D0E49C0072A6D0 /* Resources */ = {
			isa = PBXResourcesBuildPhase;
			buildActionMask = 2147483647;
			files = (
				2F5A878928D0E49D0072A6D0 /* LaunchScreen.storyboard in Resources */,
				2F5A878628D0E49D0072A6D0 /* Assets.xcassets in Resources */,
				2F5A878128D0E49C0072A6D0 /* Main.storyboard in Resources */,
			);
			runOnlyForDeploymentPostprocessing = 0;
		};
/* End PBXResourcesBuildPhase section */

/* Begin PBXSourcesBuildPhase section */
		2F5A877228D0E49C0072A6D0 /* Sources */ = {
			isa = PBXSourcesBuildPhase;
			buildActionMask = 2147483647;
			files = (
				2F5A879928D0EF170072A6D0 /* Pokemon.swift in Sources */,
				2F5A878428D0E49C0072A6D0 /* Pokedex.xcdatamodeld in Sources */,
				2F5A877E28D0E49C0072A6D0 /* PokemonViewController.swift in Sources */,
				2F5A879D28D0F08C0072A6D0 /* PokemonViewCell.swift in Sources */,
				2F5A877A28D0E49C0072A6D0 /* AppDelegate.swift in Sources */,
				2F5A879B28D0F0000072A6D0 /* ApiManager.swift in Sources */,
				2F5A877C28D0E49C0072A6D0 /* SceneDelegate.swift in Sources */,
				2F5A879F28D1CE800072A6D0 /* Constants.swift in Sources */,
			);
			runOnlyForDeploymentPostprocessing = 0;
		};
/* End PBXSourcesBuildPhase section */

/* Begin PBXVariantGroup section */
		2F5A877F28D0E49C0072A6D0 /* Main.storyboard */ = {
			isa = PBXVariantGroup;
			children = (
				2F5A878028D0E49C0072A6D0 /* Base */,
			);
			name = Main.storyboard;
			sourceTree = "<group>";
		};
		2F5A878728D0E49D0072A6D0 /* LaunchScreen.storyboard */ = {
			isa = PBXVariantGroup;
			children = (
				2F5A878828D0E49D0072A6D0 /* Base */,
			);
			name = LaunchScreen.storyboard;
			sourceTree = "<group>";
		};
/* End PBXVariantGroup section */

/* Begin XCBuildConfiguration section */
		2F5A878B28D0E49D0072A6D0 /* Debug */ = {
			isa = XCBuildConfiguration;
			buildSettings = {
				ALWAYS_SEARCH_USER_PATHS = NO;
				CLANG_ANALYZER_NONNULL = YES;
				CLANG_ANALYZER_NUMBER_OBJECT_CONVERSION = YES_AGGRESSIVE;
				CLANG_CXX_LANGUAGE_STANDARD = "gnu++20";
				CLANG_ENABLE_MODULES = YES;
				CLANG_ENABLE_OBJC_ARC = YES;
				CLANG_ENABLE_OBJC_WEAK = YES;
				CLANG_WARN_BLOCK_CAPTURE_AUTORELEASING = YES;
				CLANG_WARN_BOOL_CONVERSION = YES;
				CLANG_WARN_COMMA = YES;
				CLANG_WARN_CONSTANT_CONVERSION = YES;
				CLANG_WARN_DEPRECATED_OBJC_IMPLEMENTATIONS = YES;
				CLANG_WARN_DIRECT_OBJC_ISA_USAGE = YES_ERROR;
				CLANG_WARN_DOCUMENTATION_COMMENTS = YES;
				CLANG_WARN_EMPTY_BODY = YES;
				CLANG_WARN_ENUM_CONVERSION = YES;
				CLANG_WARN_INFINITE_RECURSION = YES;
				CLANG_WARN_INT_CONVERSION = YES;
				CLANG_WARN_NON_LITERAL_NULL_CONVERSION = YES;
				CLANG_WARN_OBJC_IMPLICIT_RETAIN_SELF = YES;
				CLANG_WARN_OBJC_LITERAL_CONVERSION = YES;
				CLANG_WARN_OBJC_ROOT_CLASS = YES_ERROR;
				CLANG_WARN_QUOTED_INCLUDE_IN_FRAMEWORK_HEADER = YES;
				CLANG_WARN_RANGE_LOOP_ANALYSIS = YES;
				CLANG_WARN_STRICT_PROTOTYPES = YES;
				CLANG_WARN_SUSPICIOUS_MOVE = YES;
				CLANG_WARN_UNGUARDED_AVAILABILITY = YES_AGGRESSIVE;
				CLANG_WARN_UNREACHABLE_CODE = YES;
				CLANG_WARN__DUPLICATE_METHOD_MATCH = YES;
				COPY_PHASE_STRIP = NO;
				DEBUG_INFORMATION_FORMAT = dwarf;
				ENABLE_STRICT_OBJC_MSGSEND = YES;
				ENABLE_TESTABILITY = YES;
				GCC_C_LANGUAGE_STANDARD = gnu11;
				GCC_DYNAMIC_NO_PIC = NO;
				GCC_NO_COMMON_BLOCKS = YES;
				GCC_OPTIMIZATION_LEVEL = 0;
				GCC_PREPROCESSOR_DEFINITIONS = (
					"DEBUG=1",
					"$(inherited)",
				);
				GCC_WARN_64_TO_32_BIT_CONVERSION = YES;
				GCC_WARN_ABOUT_RETURN_TYPE = YES_ERROR;
				GCC_WARN_UNDECLARED_SELECTOR = YES;
				GCC_WARN_UNINITIALIZED_AUTOS = YES_AGGRESSIVE;
				GCC_WARN_UNUSED_FUNCTION = YES;
				GCC_WARN_UNUSED_VARIABLE = YES;
				IPHONEOS_DEPLOYMENT_TARGET = 16.0;
				MTL_ENABLE_DEBUG_INFO = INCLUDE_SOURCE;
				MTL_FAST_MATH = YES;
				ONLY_ACTIVE_ARCH = YES;
				SDKROOT = iphoneos;
				SWIFT_ACTIVE_COMPILATION_CONDITIONS = DEBUG;
				SWIFT_OPTIMIZATION_LEVEL = "-Onone";
			};
			name = Debug;
		};
		2F5A878C28D0E49D0072A6D0 /* Release */ = {
			isa = XCBuildConfiguration;
			buildSettings = {
				ALWAYS_SEARCH_USER_PATHS = NO;
				CLANG_ANALYZER_NONNULL = YES;
				CLANG_ANALYZER_NUMBER_OBJECT_CONVERSION = YES_AGGRESSIVE;
				CLANG_CXX_LANGUAGE_STANDARD = "gnu++20";
				CLANG_ENABLE_MODULES = YES;
				CLANG_ENABLE_OBJC_ARC = YES;
				CLANG_ENABLE_OBJC_WEAK = YES;
				CLANG_WARN_BLOCK_CAPTURE_AUTORELEASING = YES;
				CLANG_WARN_BOOL_CONVERSION = YES;
				CLANG_WARN_COMMA = YES;
				CLANG_WARN_CONSTANT_CONVERSION = YES;
				CLANG_WARN_DEPRECATED_OBJC_IMPLEMENTATIONS = YES;
				CLANG_WARN_DIRECT_OBJC_ISA_USAGE = YES_ERROR;
				CLANG_WARN_DOCUMENTATION_COMMENTS = YES;
				CLANG_WARN_EMPTY_BODY = YES;
				CLANG_WARN_ENUM_CONVERSION = YES;
				CLANG_WARN_INFINITE_RECURSION = YES;
				CLANG_WARN_INT_CONVERSION = YES;
				CLANG_WARN_NON_LITERAL_NULL_CONVERSION = YES;
				CLANG_WARN_OBJC_IMPLICIT_RETAIN_SELF = YES;
				CLANG_WARN_OBJC_LITERAL_CONVERSION = YES;
				CLANG_WARN_OBJC_ROOT_CLASS = YES_ERROR;
				CLANG_WARN_QUOTED_INCLUDE_IN_FRAMEWORK_HEADER = YES;
				CLANG_WARN_RANGE_LOOP_ANALYSIS = YES;
				CLANG_WARN_STRICT_PROTOTYPES = YES;
				CLANG_WARN_SUSPICIOUS_MOVE = YES;
				CLANG_WARN_UNGUARDED_AVAILABILITY = YES_AGGRESSIVE;
				CLANG_WARN_UNREACHABLE_CODE = YES;
				CLANG_WARN__DUPLICATE_METHOD_MATCH = YES;
				COPY_PHASE_STRIP = NO;
				DEBUG_INFORMATION_FORMAT = "dwarf-with-dsym";
				ENABLE_NS_ASSERTIONS = NO;
				ENABLE_STRICT_OBJC_MSGSEND = YES;
				GCC_C_LANGUAGE_STANDARD = gnu11;
				GCC_NO_COMMON_BLOCKS = YES;
				GCC_WARN_64_TO_32_BIT_CONVERSION = YES;
				GCC_WARN_ABOUT_RETURN_TYPE = YES_ERROR;
				GCC_WARN_UNDECLARED_SELECTOR = YES;
				GCC_WARN_UNINITIALIZED_AUTOS = YES_AGGRESSIVE;
				GCC_WARN_UNUSED_FUNCTION = YES;
				GCC_WARN_UNUSED_VARIABLE = YES;
				IPHONEOS_DEPLOYMENT_TARGET = 16.0;
				MTL_ENABLE_DEBUG_INFO = NO;
				MTL_FAST_MATH = YES;
				SDKROOT = iphoneos;
				SWIFT_COMPILATION_MODE = wholemodule;
				SWIFT_OPTIMIZATION_LEVEL = "-O";
				VALIDATE_PRODUCT = YES;
			};
			name = Release;
		};
		2F5A878E28D0E49D0072A6D0 /* Debug */ = {
			isa = XCBuildConfiguration;
			buildSettings = {
				ASSETCATALOG_COMPILER_APPICON_NAME = AppIcon;
				ASSETCATALOG_COMPILER_GLOBAL_ACCENT_COLOR_NAME = AccentColor;
				CODE_SIGN_STYLE = Automatic;
				CURRENT_PROJECT_VERSION = 1;
				DEVELOPMENT_TEAM = V3345MULYZ;
				GENERATE_INFOPLIST_FILE = YES;
				INFOPLIST_FILE = Pokedex/Info.plist;
				INFOPLIST_KEY_UIApplicationSupportsIndirectInputEvents = YES;
				INFOPLIST_KEY_UILaunchStoryboardName = LaunchScreen;
				INFOPLIST_KEY_UIMainStoryboardFile = Main;
				INFOPLIST_KEY_UISupportedInterfaceOrientations_iPad = "UIInterfaceOrientationPortrait UIInterfaceOrientationPortraitUpsideDown UIInterfaceOrientationLandscapeLeft UIInterfaceOrientationLandscapeRight";
				INFOPLIST_KEY_UISupportedInterfaceOrientations_iPhone = "UIInterfaceOrientationPortrait UIInterfaceOrientationLandscapeLeft UIInterfaceOrientationLandscapeRight";
				LD_RUNPATH_SEARCH_PATHS = (
					"$(inherited)",
					"@executable_path/Frameworks",
				);
				MARKETING_VERSION = 1.0;
				PRODUCT_BUNDLE_IDENTIFIER = "semkavabangaa-gmail.com.Pokedex";
				PRODUCT_NAME = "$(TARGET_NAME)";
				SWIFT_EMIT_LOC_STRINGS = YES;
				SWIFT_VERSION = 5.0;
				TARGETED_DEVICE_FAMILY = "1,2";
			};
			name = Debug;
		};
		2F5A878F28D0E49D0072A6D0 /* Release */ = {
			isa = XCBuildConfiguration;
			buildSettings = {
				ASSETCATALOG_COMPILER_APPICON_NAME = AppIcon;
				ASSETCATALOG_COMPILER_GLOBAL_ACCENT_COLOR_NAME = AccentColor;
				CODE_SIGN_STYLE = Automatic;
				CURRENT_PROJECT_VERSION = 1;
				DEVELOPMENT_TEAM = V3345MULYZ;
				GENERATE_INFOPLIST_FILE = YES;
				INFOPLIST_FILE = Pokedex/Info.plist;
				INFOPLIST_KEY_UIApplicationSupportsIndirectInputEvents = YES;
				INFOPLIST_KEY_UILaunchStoryboardName = LaunchScreen;
				INFOPLIST_KEY_UIMainStoryboardFile = Main;
				INFOPLIST_KEY_UISupportedInterfaceOrientations_iPad = "UIInterfaceOrientationPortrait UIInterfaceOrientationPortraitUpsideDown UIInterfaceOrientationLandscapeLeft UIInterfaceOrientationLandscapeRight";
				INFOPLIST_KEY_UISupportedInterfaceOrientations_iPhone = "UIInterfaceOrientationPortrait UIInterfaceOrientationLandscapeLeft UIInterfaceOrientationLandscapeRight";
				LD_RUNPATH_SEARCH_PATHS = (
					"$(inherited)",
					"@executable_path/Frameworks",
				);
				MARKETING_VERSION = 1.0;
				PRODUCT_BUNDLE_IDENTIFIER = "semkavabangaa-gmail.com.Pokedex";
				PRODUCT_NAME = "$(TARGET_NAME)";
				SWIFT_EMIT_LOC_STRINGS = YES;
				SWIFT_VERSION = 5.0;
				TARGETED_DEVICE_FAMILY = "1,2";
			};
			name = Release;
		};
/* End XCBuildConfiguration section */

/* Begin XCConfigurationList section */
		2F5A877128D0E49C0072A6D0 /* Build configuration list for PBXProject "Pokedex" */ = {
			isa = XCConfigurationList;
			buildConfigurations = (
				2F5A878B28D0E49D0072A6D0 /* Debug */,
				2F5A878C28D0E49D0072A6D0 /* Release */,
			);
			defaultConfigurationIsVisible = 0;
			defaultConfigurationName = Release;
		};
		2F5A878D28D0E49D0072A6D0 /* Build configuration list for PBXNativeTarget "Pokedex" */ = {
			isa = XCConfigurationList;
			buildConfigurations = (
				2F5A878E28D0E49D0072A6D0 /* Debug */,
				2F5A878F28D0E49D0072A6D0 /* Release */,
			);
			defaultConfigurationIsVisible = 0;
			defaultConfigurationName = Release;
		};
/* End XCConfigurationList section */

/* Begin XCVersionGroup section */
		2F5A878228D0E49C0072A6D0 /* Pokedex.xcdatamodeld */ = {
			isa = XCVersionGroup;
			children = (
				2F5A878328D0E49C0072A6D0 /* Pokedex.xcdatamodel */,
			);
			currentVersion = 2F5A878328D0E49C0072A6D0 /* Pokedex.xcdatamodel */;
			path = Pokedex.xcdatamodeld;
			sourceTree = "<group>";
			versionGroupType = wrapper.xcdatamodel;
		};
/* End XCVersionGroup section */
	};
	rootObject = 2F5A876E28D0E49C0072A6D0 /* Project object */;
}
