// !$*UTF8*$!
{
	archiveVersion = 1;
	classes = {
	};
	objectVersion = 56;
	objects = {

/* Begin PBXBuildFile section */
		2F01D9DE28D36C5D0065A332 /* Extension+Array.swift in Sources */ = {isa = PBXBuildFile; fileRef = 2F01D9DD28D36C5D0065A332 /* Extension+Array.swift */; };
		2F1C13F28A6D328D84341F46 /* Pods_Pokedex.framework in Frameworks */ = {isa = PBXBuildFile; fileRef = 549653484133D3B7434CA750 /* Pods_Pokedex.framework */; };
		2F33FA2D28D6479B0098E6B1 /* DetailViewController.swift in Sources */ = {isa = PBXBuildFile; fileRef = 2F33FA2C28D6479B0098E6B1 /* DetailViewController.swift */; };
		2F33FA2F28D654C40098E6B1 /* DetailPokemonNetworkManager.swift in Sources */ = {isa = PBXBuildFile; fileRef = 2F33FA2E28D654C40098E6B1 /* DetailPokemonNetworkManager.swift */; };
		2F33FA3128D654D50098E6B1 /* DetailPokemon.swift in Sources */ = {isa = PBXBuildFile; fileRef = 2F33FA3028D654D50098E6B1 /* DetailPokemon.swift */; };
		2F40840F28D77797002745C5 /* DescriptionPokemonNetworkManager.swift in Sources */ = {isa = PBXBuildFile; fileRef = 2F40840E28D77797002745C5 /* DescriptionPokemonNetworkManager.swift */; };
		2F40841128D777CF002745C5 /* DescriptionPokemon.swift in Sources */ = {isa = PBXBuildFile; fileRef = 2F40841028D777CF002745C5 /* DescriptionPokemon.swift */; };
		2F4CA6ED28D60E4E009FB483 /* Extension+Color.swift in Sources */ = {isa = PBXBuildFile; fileRef = 2F4CA6EC28D60E4E009FB483 /* Extension+Color.swift */; };
		2F4CA6EF28D61788009FB483 /* FavAndTeamTitleCollectionViewCell.swift in Sources */ = {isa = PBXBuildFile; fileRef = 2F4CA6EE28D61788009FB483 /* FavAndTeamTitleCollectionViewCell.swift */; };
		2F5A877A28D0E49C0072A6D0 /* AppDelegate.swift in Sources */ = {isa = PBXBuildFile; fileRef = 2F5A877928D0E49C0072A6D0 /* AppDelegate.swift */; };
		2F5A877C28D0E49C0072A6D0 /* SceneDelegate.swift in Sources */ = {isa = PBXBuildFile; fileRef = 2F5A877B28D0E49C0072A6D0 /* SceneDelegate.swift */; };
		2F5A877E28D0E49C0072A6D0 /* PokemonViewController.swift in Sources */ = {isa = PBXBuildFile; fileRef = 2F5A877D28D0E49C0072A6D0 /* PokemonViewController.swift */; };
		2F5A878128D0E49C0072A6D0 /* Main.storyboard in Resources */ = {isa = PBXBuildFile; fileRef = 2F5A877F28D0E49C0072A6D0 /* Main.storyboard */; };
		2F5A878428D0E49C0072A6D0 /* PokemonsSave.xcdatamodeld in Sources */ = {isa = PBXBuildFile; fileRef = 2F5A878228D0E49C0072A6D0 /* PokemonsSave.xcdatamodeld */; };
		2F5A878628D0E49D0072A6D0 /* Assets.xcassets in Resources */ = {isa = PBXBuildFile; fileRef = 2F5A878528D0E49D0072A6D0 /* Assets.xcassets */; };
		2F5A878928D0E49D0072A6D0 /* LaunchScreen.storyboard in Resources */ = {isa = PBXBuildFile; fileRef = 2F5A878728D0E49D0072A6D0 /* LaunchScreen.storyboard */; };
		2F5A879928D0EF170072A6D0 /* Pokemon.swift in Sources */ = {isa = PBXBuildFile; fileRef = 2F5A879828D0EF170072A6D0 /* Pokemon.swift */; };
		2F5A879B28D0F0000072A6D0 /* ListOfPokemonNetworkManager.swift in Sources */ = {isa = PBXBuildFile; fileRef = 2F5A879A28D0F0000072A6D0 /* ListOfPokemonNetworkManager.swift */; };
		2F5A879D28D0F08C0072A6D0 /* PokemonViewCell.swift in Sources */ = {isa = PBXBuildFile; fileRef = 2F5A879C28D0F08C0072A6D0 /* PokemonViewCell.swift */; };
		2F5A879F28D1CE800072A6D0 /* Constants.swift in Sources */ = {isa = PBXBuildFile; fileRef = 2F5A879E28D1CE800072A6D0 /* Constants.swift */; };
		2F73D5E628D4C48E0026B5F5 /* FavAndTeamCollectionViewController.swift in Sources */ = {isa = PBXBuildFile; fileRef = 2F73D5E528D4C48E0026B5F5 /* FavAndTeamCollectionViewController.swift */; };
		2F73D5E828D4C4A70026B5F5 /* FavAndTeamCollectionViewCell.swift in Sources */ = {isa = PBXBuildFile; fileRef = 2F73D5E728D4C4A70026B5F5 /* FavAndTeamCollectionViewCell.swift */; };
		2F73D5F128D5149B0026B5F5 /* Extension+UIView.swift in Sources */ = {isa = PBXBuildFile; fileRef = 2F73D5F028D5149B0026B5F5 /* Extension+UIView.swift */; };
		2FAA38D328D8F94100AB6642 /* PokemonViewModel.swift in Sources */ = {isa = PBXBuildFile; fileRef = 2FAA38D228D8F94100AB6642 /* PokemonViewModel.swift */; };
		2FAA38D828D8FA4D00AB6642 /* FavAndTeamCollectionViewModel.swift in Sources */ = {isa = PBXBuildFile; fileRef = 2FAA38D728D8FA4D00AB6642 /* FavAndTeamCollectionViewModel.swift */; };
		2FAA38DC28D906B900AB6642 /* DetailViewModel.swift in Sources */ = {isa = PBXBuildFile; fileRef = 2FAA38DB28D906B900AB6642 /* DetailViewModel.swift */; };
		2FD400D528D33311008E1081 /* SF-Pro.ttf in Resources */ = {isa = PBXBuildFile; fileRef = 2FD400D428D33311008E1081 /* SF-Pro.ttf */; };
		2FDA5F8328D7C19F002C7A5E /* StoringLocalPokemon.swift in Sources */ = {isa = PBXBuildFile; fileRef = 2FDA5F8228D7C19F002C7A5E /* StoringLocalPokemon.swift */; };
		2FF9A70D28D370E1007B9F53 /* Extension+UIImage.swift in Sources */ = {isa = PBXBuildFile; fileRef = 2FF9A70C28D370E1007B9F53 /* Extension+UIImage.swift */; };
/* End PBXBuildFile section */

/* Begin PBXFileReference section */
		2F01D9DD28D36C5D0065A332 /* Extension+Array.swift */ = {isa = PBXFileReference; lastKnownFileType = sourcecode.swift; path = "Extension+Array.swift"; sourceTree = "<group>"; };
		2F33FA2C28D6479B0098E6B1 /* DetailViewController.swift */ = {isa = PBXFileReference; lastKnownFileType = sourcecode.swift; path = DetailViewController.swift; sourceTree = "<group>"; };
		2F33FA2E28D654C40098E6B1 /* DetailPokemonNetworkManager.swift */ = {isa = PBXFileReference; lastKnownFileType = sourcecode.swift; path = DetailPokemonNetworkManager.swift; sourceTree = "<group>"; };
		2F33FA3028D654D50098E6B1 /* DetailPokemon.swift */ = {isa = PBXFileReference; lastKnownFileType = sourcecode.swift; path = DetailPokemon.swift; sourceTree = "<group>"; };
		2F40840E28D77797002745C5 /* DescriptionPokemonNetworkManager.swift */ = {isa = PBXFileReference; lastKnownFileType = sourcecode.swift; path = DescriptionPokemonNetworkManager.swift; sourceTree = "<group>"; };
		2F40841028D777CF002745C5 /* DescriptionPokemon.swift */ = {isa = PBXFileReference; lastKnownFileType = sourcecode.swift; path = DescriptionPokemon.swift; sourceTree = "<group>"; };
		2F4CA6EC28D60E4E009FB483 /* Extension+Color.swift */ = {isa = PBXFileReference; lastKnownFileType = sourcecode.swift; path = "Extension+Color.swift"; sourceTree = "<group>"; };
		2F4CA6EE28D61788009FB483 /* FavAndTeamTitleCollectionViewCell.swift */ = {isa = PBXFileReference; lastKnownFileType = sourcecode.swift; path = FavAndTeamTitleCollectionViewCell.swift; sourceTree = "<group>"; };
		2F5A877628D0E49C0072A6D0 /* Pokedex.app */ = {isa = PBXFileReference; explicitFileType = wrapper.application; includeInIndex = 0; path = Pokedex.app; sourceTree = BUILT_PRODUCTS_DIR; };
		2F5A877928D0E49C0072A6D0 /* AppDelegate.swift */ = {isa = PBXFileReference; lastKnownFileType = sourcecode.swift; path = AppDelegate.swift; sourceTree = "<group>"; };
		2F5A877B28D0E49C0072A6D0 /* SceneDelegate.swift */ = {isa = PBXFileReference; lastKnownFileType = sourcecode.swift; path = SceneDelegate.swift; sourceTree = "<group>"; };
		2F5A877D28D0E49C0072A6D0 /* PokemonViewController.swift */ = {isa = PBXFileReference; lastKnownFileType = sourcecode.swift; path = PokemonViewController.swift; sourceTree = "<group>"; };
		2F5A878028D0E49C0072A6D0 /* Base */ = {isa = PBXFileReference; lastKnownFileType = file.storyboard; name = Base; path = Base.lproj/Main.storyboard; sourceTree = "<group>"; };
		2F5A878328D0E49C0072A6D0 /* Pokedex.xcdatamodel */ = {isa = PBXFileReference; lastKnownFileType = wrapper.xcdatamodel; path = Pokedex.xcdatamodel; sourceTree = "<group>"; };
		2F5A878528D0E49D0072A6D0 /* Assets.xcassets */ = {isa = PBXFileReference; lastKnownFileType = folder.assetcatalog; path = Assets.xcassets; sourceTree = "<group>"; };
		2F5A878828D0E49D0072A6D0 /* Base */ = {isa = PBXFileReference; lastKnownFileType = file.storyboard; name = Base; path = Base.lproj/LaunchScreen.storyboard; sourceTree = "<group>"; };
		2F5A878A28D0E49D0072A6D0 /* Info.plist */ = {isa = PBXFileReference; lastKnownFileType = text.plist.xml; path = Info.plist; sourceTree = "<group>"; };
		2F5A879828D0EF170072A6D0 /* Pokemon.swift */ = {isa = PBXFileReference; lastKnownFileType = sourcecode.swift; path = Pokemon.swift; sourceTree = "<group>"; };
		2F5A879A28D0F0000072A6D0 /* ListOfPokemonNetworkManager.swift */ = {isa = PBXFileReference; lastKnownFileType = sourcecode.swift; path = ListOfPokemonNetworkManager.swift; sourceTree = "<group>"; };
		2F5A879C28D0F08C0072A6D0 /* PokemonViewCell.swift */ = {isa = PBXFileReference; lastKnownFileType = sourcecode.swift; path = PokemonViewCell.swift; sourceTree = "<group>"; };
		2F5A879E28D1CE800072A6D0 /* Constants.swift */ = {isa = PBXFileReference; lastKnownFileType = sourcecode.swift; path = Constants.swift; sourceTree = "<group>"; };
		2F73D5E528D4C48E0026B5F5 /* FavAndTeamCollectionViewController.swift */ = {isa = PBXFileReference; lastKnownFileType = sourcecode.swift; path = FavAndTeamCollectionViewController.swift; sourceTree = "<group>"; };
		2F73D5E728D4C4A70026B5F5 /* FavAndTeamCollectionViewCell.swift */ = {isa = PBXFileReference; lastKnownFileType = sourcecode.swift; path = FavAndTeamCollectionViewCell.swift; sourceTree = "<group>"; };
		2F73D5F028D5149B0026B5F5 /* Extension+UIView.swift */ = {isa = PBXFileReference; lastKnownFileType = sourcecode.swift; path = "Extension+UIView.swift"; sourceTree = "<group>"; };
		2FAA38D228D8F94100AB6642 /* PokemonViewModel.swift */ = {isa = PBXFileReference; lastKnownFileType = sourcecode.swift; path = PokemonViewModel.swift; sourceTree = "<group>"; };
		2FAA38D728D8FA4D00AB6642 /* FavAndTeamCollectionViewModel.swift */ = {isa = PBXFileReference; lastKnownFileType = sourcecode.swift; path = FavAndTeamCollectionViewModel.swift; sourceTree = "<group>"; };
		2FAA38DB28D906B900AB6642 /* DetailViewModel.swift */ = {isa = PBXFileReference; lastKnownFileType = sourcecode.swift; path = DetailViewModel.swift; sourceTree = "<group>"; };
		2FD400D428D33311008E1081 /* SF-Pro.ttf */ = {isa = PBXFileReference; lastKnownFileType = file; path = "SF-Pro.ttf"; sourceTree = "<group>"; };
		2FDA5F8228D7C19F002C7A5E /* StoringLocalPokemon.swift */ = {isa = PBXFileReference; lastKnownFileType = sourcecode.swift; path = StoringLocalPokemon.swift; sourceTree = "<group>"; };
		2FF9A70C28D370E1007B9F53 /* Extension+UIImage.swift */ = {isa = PBXFileReference; lastKnownFileType = sourcecode.swift; path = "Extension+UIImage.swift"; sourceTree = "<group>"; };
		4E4DDC9C0948B45D995FBBD1 /* Pods-Pokedex.debug.xcconfig */ = {isa = PBXFileReference; includeInIndex = 1; lastKnownFileType = text.xcconfig; name = "Pods-Pokedex.debug.xcconfig"; path = "Target Support Files/Pods-Pokedex/Pods-Pokedex.debug.xcconfig"; sourceTree = "<group>"; };
		549653484133D3B7434CA750 /* Pods_Pokedex.framework */ = {isa = PBXFileReference; explicitFileType = wrapper.framework; includeInIndex = 0; path = Pods_Pokedex.framework; sourceTree = BUILT_PRODUCTS_DIR; };
		DF6606CA308DD39DCD694730 /* Pods-Pokedex.release.xcconfig */ = {isa = PBXFileReference; includeInIndex = 1; lastKnownFileType = text.xcconfig; name = "Pods-Pokedex.release.xcconfig"; path = "Target Support Files/Pods-Pokedex/Pods-Pokedex.release.xcconfig"; sourceTree = "<group>"; };
/* End PBXFileReference section */

/* Begin PBXFrameworksBuildPhase section */
		2F5A877328D0E49C0072A6D0 /* Frameworks */ = {
			isa = PBXFrameworksBuildPhase;
			buildActionMask = 2147483647;
			files = (
				2F1C13F28A6D328D84341F46 /* Pods_Pokedex.framework in Frameworks */,
			);
			runOnlyForDeploymentPostprocessing = 0;
		};
/* End PBXFrameworksBuildPhase section */

/* Begin PBXGroup section */
		2F4CA6DD28D5F7AA009FB483 /* DetailModule */ = {
			isa = PBXGroup;
			children = (
				2FAA38DA28D8FA7A00AB6642 /* ViewModel */,
				2FAA38D928D8FA6500AB6642 /* ViewController */,
			);
			path = DetailModule;
			sourceTree = "<group>";
		};
		2F5A876D28D0E49C0072A6D0 = {
			isa = PBXGroup;
			children = (
				2FD400D428D33311008E1081 /* SF-Pro.ttf */,
				2F5A877828D0E49C0072A6D0 /* Pokedex */,
				2F5A877728D0E49C0072A6D0 /* Products */,
				CFA341BAA0E0AC15186AA398 /* Pods */,
				4C9CFF3987ACAFC9DE6A3D2C /* Frameworks */,
			);
			sourceTree = "<group>";
		};
		2F5A877728D0E49C0072A6D0 /* Products */ = {
			isa = PBXGroup;
			children = (
				2F5A877628D0E49C0072A6D0 /* Pokedex.app */,
			);
			name = Products;
			sourceTree = "<group>";
		};
		2F5A877828D0E49C0072A6D0 /* Pokedex */ = {
			isa = PBXGroup;
			children = (
				2F5A879228D0E94B0072A6D0 /* Applications */,
				2F5A879328D0E9580072A6D0 /* Extensions */,
				2F5A879428D0E9670072A6D0 /* CoreData */,
				2F5A879628D0E97A0072A6D0 /* Constants */,
				2F5A879528D0E9700072A6D0 /* Network */,
				2F5A879028D0E9390072A6D0 /* Model */,
				2F5A879128D0E9400072A6D0 /* Modules */,
				2F5A879728D0EED30072A6D0 /* View */,
				2F5A878528D0E49D0072A6D0 /* Assets.xcassets */,
				2F5A878A28D0E49D0072A6D0 /* Info.plist */,
				2F5A878228D0E49C0072A6D0 /* PokemonsSave.xcdatamodeld */,
			);
			path = Pokedex;
			sourceTree = "<group>";
		};
		2F5A879028D0E9390072A6D0 /* Model */ = {
			isa = PBXGroup;
			children = (
				2F5A879828D0EF170072A6D0 /* Pokemon.swift */,
				2F33FA3028D654D50098E6B1 /* DetailPokemon.swift */,
				2F40841028D777CF002745C5 /* DescriptionPokemon.swift */,
			);
			path = Model;
			sourceTree = "<group>";
		};
		2F5A879128D0E9400072A6D0 /* Modules */ = {
			isa = PBXGroup;
			children = (
				2FD400CB28D32A02008E1081 /* PokemonModule */,
				2F73D5E928D4DFA70026B5F5 /* FavoriteAndTeamModule */,
				2F4CA6DD28D5F7AA009FB483 /* DetailModule */,
			);
			path = Modules;
			sourceTree = "<group>";
		};
		2F5A879228D0E94B0072A6D0 /* Applications */ = {
			isa = PBXGroup;
			children = (
				2F5A877928D0E49C0072A6D0 /* AppDelegate.swift */,
				2F5A877B28D0E49C0072A6D0 /* SceneDelegate.swift */,
			);
			path = Applications;
			sourceTree = "<group>";
		};
		2F5A879328D0E9580072A6D0 /* Extensions */ = {
			isa = PBXGroup;
			children = (
				2F01D9DD28D36C5D0065A332 /* Extension+Array.swift */,
				2FF9A70C28D370E1007B9F53 /* Extension+UIImage.swift */,
				2F73D5F028D5149B0026B5F5 /* Extension+UIView.swift */,
				2F4CA6EC28D60E4E009FB483 /* Extension+Color.swift */,
			);
			path = Extensions;
			sourceTree = "<group>";
		};
		2F5A879428D0E9670072A6D0 /* CoreData */ = {
			isa = PBXGroup;
			children = (
				2FDA5F8228D7C19F002C7A5E /* StoringLocalPokemon.swift */,
			);
			path = CoreData;
			sourceTree = "<group>";
		};
		2F5A879528D0E9700072A6D0 /* Network */ = {
			isa = PBXGroup;
			children = (
				2F5A879A28D0F0000072A6D0 /* ListOfPokemonNetworkManager.swift */,
				2F33FA2E28D654C40098E6B1 /* DetailPokemonNetworkManager.swift */,
				2F40840E28D77797002745C5 /* DescriptionPokemonNetworkManager.swift */,
			);
			path = Network;
			sourceTree = "<group>";
		};
		2F5A879628D0E97A0072A6D0 /* Constants */ = {
			isa = PBXGroup;
			children = (
				2F5A879E28D1CE800072A6D0 /* Constants.swift */,
			);
			path = Constants;
			sourceTree = "<group>";
		};
		2F5A879728D0EED30072A6D0 /* View */ = {
			isa = PBXGroup;
			children = (
				2F5A877F28D0E49C0072A6D0 /* Main.storyboard */,
				2F5A878728D0E49D0072A6D0 /* LaunchScreen.storyboard */,
			);
			path = View;
			sourceTree = "<group>";
		};
		2F73D5E928D4DFA70026B5F5 /* FavoriteAndTeamModule */ = {
			isa = PBXGroup;
			children = (
				2FAA38D628D8FA1100AB6642 /* ViewModel */,
				2FAA38D528D8FA0500AB6642 /* ViewController */,
				2FAA38D428D8F9F600AB6642 /* Cells */,
			);
			path = FavoriteAndTeamModule;
			sourceTree = "<group>";
		};
		2FAA38CD28D8F87F00AB6642 /* Cells */ = {
			isa = PBXGroup;
			children = (
				2F5A879C28D0F08C0072A6D0 /* PokemonViewCell.swift */,
			);
			path = Cells;
			sourceTree = "<group>";
		};
		2FAA38D028D8F8A300AB6642 /* ViewController */ = {
			isa = PBXGroup;
			children = (
				2F5A877D28D0E49C0072A6D0 /* PokemonViewController.swift */,
			);
			path = ViewController;
			sourceTree = "<group>";
		};
		2FAA38D128D8F8AF00AB6642 /* ViewModel */ = {
			isa = PBXGroup;
			children = (
				2FAA38D228D8F94100AB6642 /* PokemonViewModel.swift */,
			);
			path = ViewModel;
			sourceTree = "<group>";
		};
		2FAA38D428D8F9F600AB6642 /* Cells */ = {
			isa = PBXGroup;
			children = (
				2F73D5E728D4C4A70026B5F5 /* FavAndTeamCollectionViewCell.swift */,
				2F4CA6EE28D61788009FB483 /* FavAndTeamTitleCollectionViewCell.swift */,
			);
			path = Cells;
			sourceTree = "<group>";
		};
		2FAA38D528D8FA0500AB6642 /* ViewController */ = {
			isa = PBXGroup;
			children = (
				2F73D5E528D4C48E0026B5F5 /* FavAndTeamCollectionViewController.swift */,
			);
			path = ViewController;
			sourceTree = "<group>";
		};
		2FAA38D628D8FA1100AB6642 /* ViewModel */ = {
			isa = PBXGroup;
			children = (
				2FAA38D728D8FA4D00AB6642 /* FavAndTeamCollectionViewModel.swift */,
			);
			path = ViewModel;
			sourceTree = "<group>";
		};
		2FAA38D928D8FA6500AB6642 /* ViewController */ = {
			isa = PBXGroup;
			children = (
				2F33FA2C28D6479B0098E6B1 /* DetailViewController.swift */,
			);
			path = ViewController;
			sourceTree = "<group>";
		};
		2FAA38DA28D8FA7A00AB6642 /* ViewModel */ = {
			isa = PBXGroup;
			children = (
				2FAA38DB28D906B900AB6642 /* DetailViewModel.swift */,
			);
			path = ViewModel;
			sourceTree = "<group>";
		};
		2FD400CB28D32A02008E1081 /* PokemonModule */ = {
			isa = PBXGroup;
			children = (
				2FAA38D128D8F8AF00AB6642 /* ViewModel */,
				2FAA38D028D8F8A300AB6642 /* ViewController */,
				2FAA38CD28D8F87F00AB6642 /* Cells */,
			);
			path = PokemonModule;
			sourceTree = "<group>";
		};
		4C9CFF3987ACAFC9DE6A3D2C /* Frameworks */ = {
			isa = PBXGroup;
			children = (
				549653484133D3B7434CA750 /* Pods_Pokedex.framework */,
			);
			name = Frameworks;
			sourceTree = "<group>";
		};
		CFA341BAA0E0AC15186AA398 /* Pods */ = {
			isa = PBXGroup;
			children = (
				4E4DDC9C0948B45D995FBBD1 /* Pods-Pokedex.debug.xcconfig */,
				DF6606CA308DD39DCD694730 /* Pods-Pokedex.release.xcconfig */,
			);
			path = Pods;
			sourceTree = "<group>";
		};
/* End PBXGroup section */

/* Begin PBXNativeTarget section */
		2F5A877528D0E49C0072A6D0 /* Pokedex */ = {
			isa = PBXNativeTarget;
			buildConfigurationList = 2F5A878D28D0E49D0072A6D0 /* Build configuration list for PBXNativeTarget "Pokedex" */;
			buildPhases = (
				210D6E12627D9ED11742E36A /* [CP] Check Pods Manifest.lock */,
				2F5A877228D0E49C0072A6D0 /* Sources */,
				2F5A877328D0E49C0072A6D0 /* Frameworks */,
				2F5A877428D0E49C0072A6D0 /* Resources */,
				9B291CBE6C33F65AE21813D2 /* [CP] Embed Pods Frameworks */,
			);
			buildRules = (
			);
			dependencies = (
			);
			name = Pokedex;
			productName = Pokedex;
			productReference = 2F5A877628D0E49C0072A6D0 /* Pokedex.app */;
			productType = "com.apple.product-type.application";
		};
/* End PBXNativeTarget section */

/* Begin PBXProject section */
		2F5A876E28D0E49C0072A6D0 /* Project object */ = {
			isa = PBXProject;
			attributes = {
				BuildIndependentTargetsInParallel = 1;
				LastSwiftUpdateCheck = 1400;
				LastUpgradeCheck = 1400;
				TargetAttributes = {
					2F5A877528D0E49C0072A6D0 = {
						CreatedOnToolsVersion = 14.0;
					};
				};
			};
			buildConfigurationList = 2F5A877128D0E49C0072A6D0 /* Build configuration list for PBXProject "Pokedex" */;
			compatibilityVersion = "Xcode 14.0";
			developmentRegion = en;
			hasScannedForEncodings = 0;
			knownRegions = (
				en,
				Base,
			);
			mainGroup = 2F5A876D28D0E49C0072A6D0;
			productRefGroup = 2F5A877728D0E49C0072A6D0 /* Products */;
			projectDirPath = "";
			projectRoot = "";
			targets = (
				2F5A877528D0E49C0072A6D0 /* Pokedex */,
			);
		};
/* End PBXProject section */

/* Begin PBXResourcesBuildPhase section */
		2F5A877428D0E49C0072A6D0 /* Resources */ = {
			isa = PBXResourcesBuildPhase;
			buildActionMask = 2147483647;
			files = (
				2FD400D528D33311008E1081 /* SF-Pro.ttf in Resources */,
				2F5A878928D0E49D0072A6D0 /* LaunchScreen.storyboard in Resources */,
				2F5A878628D0E49D0072A6D0 /* Assets.xcassets in Resources */,
				2F5A878128D0E49C0072A6D0 /* Main.storyboard in Resources */,
			);
			runOnlyForDeploymentPostprocessing = 0;
		};
/* End PBXResourcesBuildPhase section */

/* Begin PBXShellScriptBuildPhase section */
		210D6E12627D9ED11742E36A /* [CP] Check Pods Manifest.lock */ = {
			isa = PBXShellScriptBuildPhase;
			buildActionMask = 2147483647;
			files = (
			);
			inputFileListPaths = (
			);
			inputPaths = (
				"${PODS_PODFILE_DIR_PATH}/Podfile.lock",
				"${PODS_ROOT}/Manifest.lock",
			);
			name = "[CP] Check Pods Manifest.lock";
			outputFileListPaths = (
			);
			outputPaths = (
				"$(DERIVED_FILE_DIR)/Pods-Pokedex-checkManifestLockResult.txt",
			);
			runOnlyForDeploymentPostprocessing = 0;
			shellPath = /bin/sh;
			shellScript = "diff \"${PODS_PODFILE_DIR_PATH}/Podfile.lock\" \"${PODS_ROOT}/Manifest.lock\" > /dev/null\nif [ $? != 0 ] ; then\n    # print error to STDERR\n    echo \"error: The sandbox is not in sync with the Podfile.lock. Run 'pod install' or update your CocoaPods installation.\" >&2\n    exit 1\nfi\n# This output is used by Xcode 'outputs' to avoid re-running this script phase.\necho \"SUCCESS\" > \"${SCRIPT_OUTPUT_FILE_0}\"\n";
			showEnvVarsInLog = 0;
		};
		9B291CBE6C33F65AE21813D2 /* [CP] Embed Pods Frameworks */ = {
			isa = PBXShellScriptBuildPhase;
			buildActionMask = 2147483647;
			files = (
			);
			inputFileListPaths = (
				"${PODS_ROOT}/Target Support Files/Pods-Pokedex/Pods-Pokedex-frameworks-${CONFIGURATION}-input-files.xcfilelist",
			);
			name = "[CP] Embed Pods Frameworks";
			outputFileListPaths = (
				"${PODS_ROOT}/Target Support Files/Pods-Pokedex/Pods-Pokedex-frameworks-${CONFIGURATION}-output-files.xcfilelist",
			);
			runOnlyForDeploymentPostprocessing = 0;
			shellPath = /bin/sh;
			shellScript = "\"${PODS_ROOT}/Target Support Files/Pods-Pokedex/Pods-Pokedex-frameworks.sh\"\n";
			showEnvVarsInLog = 0;
		};
/* End PBXShellScriptBuildPhase section */

/* Begin PBXSourcesBuildPhase section */
		2F5A877228D0E49C0072A6D0 /* Sources */ = {
			isa = PBXSourcesBuildPhase;
			buildActionMask = 2147483647;
			files = (
				2F5A879928D0EF170072A6D0 /* Pokemon.swift in Sources */,
				2F33FA2D28D6479B0098E6B1 /* DetailViewController.swift in Sources */,
				2F4CA6EF28D61788009FB483 /* FavAndTeamTitleCollectionViewCell.swift in Sources */,
				2F5A878428D0E49C0072A6D0 /* PokemonsSave.xcdatamodeld in Sources */,
				2F40841128D777CF002745C5 /* DescriptionPokemon.swift in Sources */,
				2F4CA6ED28D60E4E009FB483 /* Extension+Color.swift in Sources */,
				2F5A877E28D0E49C0072A6D0 /* PokemonViewController.swift in Sources */,
				2FAA38DC28D906B900AB6642 /* DetailViewModel.swift in Sources */,
				2FAA38D828D8FA4D00AB6642 /* FavAndTeamCollectionViewModel.swift in Sources */,
				2FF9A70D28D370E1007B9F53 /* Extension+UIImage.swift in Sources */,
				2F01D9DE28D36C5D0065A332 /* Extension+Array.swift in Sources */,
				2F73D5E828D4C4A70026B5F5 /* FavAndTeamCollectionViewCell.swift in Sources */,
				2F33FA2F28D654C40098E6B1 /* DetailPokemonNetworkManager.swift in Sources */,
				2F73D5E628D4C48E0026B5F5 /* FavAndTeamCollectionViewController.swift in Sources */,
				2F73D5F128D5149B0026B5F5 /* Extension+UIView.swift in Sources */,
				2F5A879D28D0F08C0072A6D0 /* PokemonViewCell.swift in Sources */,
				2F33FA3128D654D50098E6B1 /* DetailPokemon.swift in Sources */,
				2F5A877A28D0E49C0072A6D0 /* AppDelegate.swift in Sources */,
				2FDA5F8328D7C19F002C7A5E /* StoringLocalPokemon.swift in Sources */,
				2F40840F28D77797002745C5 /* DescriptionPokemonNetworkManager.swift in Sources */,
				2FAA38D328D8F94100AB6642 /* PokemonViewModel.swift in Sources */,
				2F5A879B28D0F0000072A6D0 /* ListOfPokemonNetworkManager.swift in Sources */,
				2F5A877C28D0E49C0072A6D0 /* SceneDelegate.swift in Sources */,
				2F5A879F28D1CE800072A6D0 /* Constants.swift in Sources */,
			);
			runOnlyForDeploymentPostprocessing = 0;
		};
/* End PBXSourcesBuildPhase section */

/* Begin PBXVariantGroup section */
		2F5A877F28D0E49C0072A6D0 /* Main.storyboard */ = {
			isa = PBXVariantGroup;
			children = (
				2F5A878028D0E49C0072A6D0 /* Base */,
			);
			name = Main.storyboard;
			sourceTree = "<group>";
		};
		2F5A878728D0E49D0072A6D0 /* LaunchScreen.storyboard */ = {
			isa = PBXVariantGroup;
			children = (
				2F5A878828D0E49D0072A6D0 /* Base */,
			);
			name = LaunchScreen.storyboard;
			sourceTree = "<group>";
		};
/* End PBXVariantGroup section */

/* Begin XCBuildConfiguration section */
		2F5A878B28D0E49D0072A6D0 /* Debug */ = {
			isa = XCBuildConfiguration;
			buildSettings = {
				ALWAYS_SEARCH_USER_PATHS = NO;
				CLANG_ANALYZER_NONNULL = YES;
				CLANG_ANALYZER_NUMBER_OBJECT_CONVERSION = YES_AGGRESSIVE;
				CLANG_CXX_LANGUAGE_STANDARD = "gnu++20";
				CLANG_ENABLE_MODULES = YES;
				CLANG_ENABLE_OBJC_ARC = YES;
				CLANG_ENABLE_OBJC_WEAK = YES;
				CLANG_WARN_BLOCK_CAPTURE_AUTORELEASING = YES;
				CLANG_WARN_BOOL_CONVERSION = YES;
				CLANG_WARN_COMMA = YES;
				CLANG_WARN_CONSTANT_CONVERSION = YES;
				CLANG_WARN_DEPRECATED_OBJC_IMPLEMENTATIONS = YES;
				CLANG_WARN_DIRECT_OBJC_ISA_USAGE = YES_ERROR;
				CLANG_WARN_DOCUMENTATION_COMMENTS = YES;
				CLANG_WARN_EMPTY_BODY = YES;
				CLANG_WARN_ENUM_CONVERSION = YES;
				CLANG_WARN_INFINITE_RECURSION = YES;
				CLANG_WARN_INT_CONVERSION = YES;
				CLANG_WARN_NON_LITERAL_NULL_CONVERSION = YES;
				CLANG_WARN_OBJC_IMPLICIT_RETAIN_SELF = YES;
				CLANG_WARN_OBJC_LITERAL_CONVERSION = YES;
				CLANG_WARN_OBJC_ROOT_CLASS = YES_ERROR;
				CLANG_WARN_QUOTED_INCLUDE_IN_FRAMEWORK_HEADER = YES;
				CLANG_WARN_RANGE_LOOP_ANALYSIS = YES;
				CLANG_WARN_STRICT_PROTOTYPES = YES;
				CLANG_WARN_SUSPICIOUS_MOVE = YES;
				CLANG_WARN_UNGUARDED_AVAILABILITY = YES_AGGRESSIVE;
				CLANG_WARN_UNREACHABLE_CODE = YES;
				CLANG_WARN__DUPLICATE_METHOD_MATCH = YES;
				COPY_PHASE_STRIP = NO;
				DEBUG_INFORMATION_FORMAT = dwarf;
				ENABLE_STRICT_OBJC_MSGSEND = YES;
				ENABLE_TESTABILITY = YES;
				GCC_C_LANGUAGE_STANDARD = gnu11;
				GCC_DYNAMIC_NO_PIC = NO;
				GCC_NO_COMMON_BLOCKS = YES;
				GCC_OPTIMIZATION_LEVEL = 0;
				GCC_PREPROCESSOR_DEFINITIONS = (
					"DEBUG=1",
					"$(inherited)",
				);
				GCC_WARN_64_TO_32_BIT_CONVERSION = YES;
				GCC_WARN_ABOUT_RETURN_TYPE = YES_ERROR;
				GCC_WARN_UNDECLARED_SELECTOR = YES;
				GCC_WARN_UNINITIALIZED_AUTOS = YES_AGGRESSIVE;
				GCC_WARN_UNUSED_FUNCTION = YES;
				GCC_WARN_UNUSED_VARIABLE = YES;
				IPHONEOS_DEPLOYMENT_TARGET = 16.0;
				MTL_ENABLE_DEBUG_INFO = INCLUDE_SOURCE;
				MTL_FAST_MATH = YES;
				ONLY_ACTIVE_ARCH = YES;
				SDKROOT = iphoneos;
				SWIFT_ACTIVE_COMPILATION_CONDITIONS = DEBUG;
				SWIFT_OPTIMIZATION_LEVEL = "-Onone";
			};
			name = Debug;
		};
		2F5A878C28D0E49D0072A6D0 /* Release */ = {
			isa = XCBuildConfiguration;
			buildSettings = {
				ALWAYS_SEARCH_USER_PATHS = NO;
				CLANG_ANALYZER_NONNULL = YES;
				CLANG_ANALYZER_NUMBER_OBJECT_CONVERSION = YES_AGGRESSIVE;
				CLANG_CXX_LANGUAGE_STANDARD = "gnu++20";
				CLANG_ENABLE_MODULES = YES;
				CLANG_ENABLE_OBJC_ARC = YES;
				CLANG_ENABLE_OBJC_WEAK = YES;
				CLANG_WARN_BLOCK_CAPTURE_AUTORELEASING = YES;
				CLANG_WARN_BOOL_CONVERSION = YES;
				CLANG_WARN_COMMA = YES;
				CLANG_WARN_CONSTANT_CONVERSION = YES;
				CLANG_WARN_DEPRECATED_OBJC_IMPLEMENTATIONS = YES;
				CLANG_WARN_DIRECT_OBJC_ISA_USAGE = YES_ERROR;
				CLANG_WARN_DOCUMENTATION_COMMENTS = YES;
				CLANG_WARN_EMPTY_BODY = YES;
				CLANG_WARN_ENUM_CONVERSION = YES;
				CLANG_WARN_INFINITE_RECURSION = YES;
				CLANG_WARN_INT_CONVERSION = YES;
				CLANG_WARN_NON_LITERAL_NULL_CONVERSION = YES;
				CLANG_WARN_OBJC_IMPLICIT_RETAIN_SELF = YES;
				CLANG_WARN_OBJC_LITERAL_CONVERSION = YES;
				CLANG_WARN_OBJC_ROOT_CLASS = YES_ERROR;
				CLANG_WARN_QUOTED_INCLUDE_IN_FRAMEWORK_HEADER = YES;
				CLANG_WARN_RANGE_LOOP_ANALYSIS = YES;
				CLANG_WARN_STRICT_PROTOTYPES = YES;
				CLANG_WARN_SUSPICIOUS_MOVE = YES;
				CLANG_WARN_UNGUARDED_AVAILABILITY = YES_AGGRESSIVE;
				CLANG_WARN_UNREACHABLE_CODE = YES;
				CLANG_WARN__DUPLICATE_METHOD_MATCH = YES;
				COPY_PHASE_STRIP = NO;
				DEBUG_INFORMATION_FORMAT = "dwarf-with-dsym";
				ENABLE_NS_ASSERTIONS = NO;
				ENABLE_STRICT_OBJC_MSGSEND = YES;
				GCC_C_LANGUAGE_STANDARD = gnu11;
				GCC_NO_COMMON_BLOCKS = YES;
				GCC_WARN_64_TO_32_BIT_CONVERSION = YES;
				GCC_WARN_ABOUT_RETURN_TYPE = YES_ERROR;
				GCC_WARN_UNDECLARED_SELECTOR = YES;
				GCC_WARN_UNINITIALIZED_AUTOS = YES_AGGRESSIVE;
				GCC_WARN_UNUSED_FUNCTION = YES;
				GCC_WARN_UNUSED_VARIABLE = YES;
				IPHONEOS_DEPLOYMENT_TARGET = 16.0;
				MTL_ENABLE_DEBUG_INFO = NO;
				MTL_FAST_MATH = YES;
				SDKROOT = iphoneos;
				SWIFT_COMPILATION_MODE = wholemodule;
				SWIFT_OPTIMIZATION_LEVEL = "-O";
				VALIDATE_PRODUCT = YES;
			};
			name = Release;
		};
		2F5A878E28D0E49D0072A6D0 /* Debug */ = {
			isa = XCBuildConfiguration;
			baseConfigurationReference = 4E4DDC9C0948B45D995FBBD1 /* Pods-Pokedex.debug.xcconfig */;
			buildSettings = {
				ASSETCATALOG_COMPILER_APPICON_NAME = AppIcon;
				ASSETCATALOG_COMPILER_GLOBAL_ACCENT_COLOR_NAME = AccentColor;
				ASSETCATALOG_COMPILER_INCLUDE_ALL_APPICON_ASSETS = YES;
				CODE_SIGN_STYLE = Automatic;
				CURRENT_PROJECT_VERSION = 1;
				DEVELOPMENT_TEAM = V3345MULYZ;
				GENERATE_INFOPLIST_FILE = YES;
				INFOPLIST_FILE = Pokedex/Info.plist;
				INFOPLIST_KEY_UIApplicationSupportsIndirectInputEvents = YES;
				INFOPLIST_KEY_UILaunchStoryboardName = LaunchScreen;
				INFOPLIST_KEY_UIMainStoryboardFile = Main;
				INFOPLIST_KEY_UIStatusBarStyle = "";
				INFOPLIST_KEY_UISupportedInterfaceOrientations_iPad = "UIInterfaceOrientationPortrait UIInterfaceOrientationPortraitUpsideDown UIInterfaceOrientationLandscapeLeft UIInterfaceOrientationLandscapeRight";
				INFOPLIST_KEY_UISupportedInterfaceOrientations_iPhone = "UIInterfaceOrientationPortrait UIInterfaceOrientationLandscapeLeft UIInterfaceOrientationLandscapeRight";
				LD_RUNPATH_SEARCH_PATHS = (
					"$(inherited)",
					"@executable_path/Frameworks",
				);
				MARKETING_VERSION = 1.0;
				PRODUCT_BUNDLE_IDENTIFIER = "semkavabangaa-gmail.com.Pokedex";
				PRODUCT_NAME = "$(TARGET_NAME)";
				SWIFT_EMIT_LOC_STRINGS = YES;
				SWIFT_VERSION = 5.0;
				TARGETED_DEVICE_FAMILY = "1,2";
			};
			name = Debug;
		};
		2F5A878F28D0E49D0072A6D0 /* Release */ = {
			isa = XCBuildConfiguration;
			baseConfigurationReference = DF6606CA308DD39DCD694730 /* Pods-Pokedex.release.xcconfig */;
			buildSettings = {
				ASSETCATALOG_COMPILER_APPICON_NAME = AppIcon;
				ASSETCATALOG_COMPILER_GLOBAL_ACCENT_COLOR_NAME = AccentColor;
				ASSETCATALOG_COMPILER_INCLUDE_ALL_APPICON_ASSETS = YES;
				CODE_SIGN_STYLE = Automatic;
				CURRENT_PROJECT_VERSION = 1;
				DEVELOPMENT_TEAM = V3345MULYZ;
				GENERATE_INFOPLIST_FILE = YES;
				INFOPLIST_FILE = Pokedex/Info.plist;
				INFOPLIST_KEY_UIApplicationSupportsIndirectInputEvents = YES;
				INFOPLIST_KEY_UILaunchStoryboardName = LaunchScreen;
				INFOPLIST_KEY_UIMainStoryboardFile = Main;
				INFOPLIST_KEY_UIStatusBarStyle = "";
				INFOPLIST_KEY_UISupportedInterfaceOrientations_iPad = "UIInterfaceOrientationPortrait UIInterfaceOrientationPortraitUpsideDown UIInterfaceOrientationLandscapeLeft UIInterfaceOrientationLandscapeRight";
				INFOPLIST_KEY_UISupportedInterfaceOrientations_iPhone = "UIInterfaceOrientationPortrait UIInterfaceOrientationLandscapeLeft UIInterfaceOrientationLandscapeRight";
				LD_RUNPATH_SEARCH_PATHS = (
					"$(inherited)",
					"@executable_path/Frameworks",
				);
				MARKETING_VERSION = 1.0;
				PRODUCT_BUNDLE_IDENTIFIER = "semkavabangaa-gmail.com.Pokedex";
				PRODUCT_NAME = "$(TARGET_NAME)";
				SWIFT_EMIT_LOC_STRINGS = YES;
				SWIFT_VERSION = 5.0;
				TARGETED_DEVICE_FAMILY = "1,2";
			};
			name = Release;
		};
/* End XCBuildConfiguration section */

/* Begin XCConfigurationList section */
		2F5A877128D0E49C0072A6D0 /* Build configuration list for PBXProject "Pokedex" */ = {
			isa = XCConfigurationList;
			buildConfigurations = (
				2F5A878B28D0E49D0072A6D0 /* Debug */,
				2F5A878C28D0E49D0072A6D0 /* Release */,
			);
			defaultConfigurationIsVisible = 0;
			defaultConfigurationName = Release;
		};
		2F5A878D28D0E49D0072A6D0 /* Build configuration list for PBXNativeTarget "Pokedex" */ = {
			isa = XCConfigurationList;
			buildConfigurations = (
				2F5A878E28D0E49D0072A6D0 /* Debug */,
				2F5A878F28D0E49D0072A6D0 /* Release */,
			);
			defaultConfigurationIsVisible = 0;
			defaultConfigurationName = Release;
		};
/* End XCConfigurationList section */

/* Begin XCVersionGroup section */
		2F5A878228D0E49C0072A6D0 /* PokemonsSave.xcdatamodeld */ = {
			isa = XCVersionGroup;
			children = (
				2F5A878328D0E49C0072A6D0 /* Pokedex.xcdatamodel */,
			);
			currentVersion = 2F5A878328D0E49C0072A6D0 /* Pokedex.xcdatamodel */;
			path = PokemonsSave.xcdatamodeld;
			sourceTree = "<group>";
			versionGroupType = wrapper.xcdatamodel;
		};
/* End XCVersionGroup section */
	};
	rootObject = 2F5A876E28D0E49C0072A6D0 /* Project object */;
}
